
Microsoft Visual Studio Solution File, Format Version 12.00
# Visual Studio Version 17
VisualStudioVersion = 17.10.35013.160
MinimumVisualStudioVersion = 10.0.40219.1
Project("{FAE04EC0-301F-11D3-BF4B-00C04F79EFBC}") = "10.01.2025_hw", "10.01.2025_hw\10.01.2025_hw.csproj", "{726CD430-172E-4B11-A49C-952C15B14BD4}"
EndProject
Global
	GlobalSection(SolutionConfigurationPlatforms) = preSolution
		Debug|Any CPU = Debug|Any CPU
		Release|Any CPU = Release|Any CPU
	EndGlobalSection
	GlobalSection(ProjectConfigurationPlatforms) = postSolution
		{726CD430-172E-4B11-A49C-952C15B14BD4}.Debug|Any CPU.ActiveCfg = Debug|Any CPU
		{726CD430-172E-4B11-A49C-952C15B14BD4}.Debug|Any CPU.Build.0 = Debug|Any CPU
		{726CD430-172E-4B11-A49C-952C15B14BD4}.Release|Any CPU.ActiveCfg = Release|Any CPU
		{726CD430-172E-4B11-A49C-952C15B14BD4}.Release|Any CPU.Build.0 = Release|Any CPU
	EndGlobalSection
	GlobalSection(SolutionProperties) = preSolution
		HideSolutionNode = FALSE
	EndGlobalSection
	GlobalSection(ExtensibilityGlobals) = postSolution
		SolutionGuid = {C0CFECE9-437C-4BD5-BB37-00325170C662}
	EndGlobalSection
EndGlobal
