
Microsoft Visual Studio Solution File, Format Version 12.00
# Visual Studio Version 17
VisualStudioVersion = 17.10.35013.160
MinimumVisualStudioVersion = 10.0.40219.1
Project("{FAE04EC0-301F-11D3-BF4B-00C04F79EFBC}") = "27.09_сw", "27.09_сw\27.09_сw.csproj", "{D276620E-2B89-46E4-B50B-9B0EC93B6859}"
EndProject
Global
	GlobalSection(SolutionConfigurationPlatforms) = preSolution
		Debug|Any CPU = Debug|Any CPU
		Release|Any CPU = Release|Any CPU
	EndGlobalSection
	GlobalSection(ProjectConfigurationPlatforms) = postSolution
		{D276620E-2B89-46E4-B50B-9B0EC93B6859}.Debug|Any CPU.ActiveCfg = Debug|Any CPU
		{D276620E-2B89-46E4-B50B-9B0EC93B6859}.Debug|Any CPU.Build.0 = Debug|Any CPU
		{D276620E-2B89-46E4-B50B-9B0EC93B6859}.Release|Any CPU.ActiveCfg = Release|Any CPU
		{D276620E-2B89-46E4-B50B-9B0EC93B6859}.Release|Any CPU.Build.0 = Release|Any CPU
	EndGlobalSection
	GlobalSection(SolutionProperties) = preSolution
		HideSolutionNode = FALSE
	EndGlobalSection
	GlobalSection(ExtensibilityGlobals) = postSolution
		SolutionGuid = {F67D7651-9CD5-4EEF-B840-0035B2BB2CA8}
	EndGlobalSection
EndGlobal
