
Microsoft Visual Studio Solution File, Format Version 12.00
# Visual Studio Version 17
VisualStudioVersion = 17.10.35013.160
MinimumVisualStudioVersion = 10.0.40219.1
Project("{FAE04EC0-301F-11D3-BF4B-00C04F79EFBC}") = "18.09_CW", "18.09_CW\18.09_CW.csproj", "{827B0C78-E7DC-4058-A002-5224FF099B2B}"
EndProject
Global
	GlobalSection(SolutionConfigurationPlatforms) = preSolution
		Debug|Any CPU = Debug|Any CPU
		Release|Any CPU = Release|Any CPU
	EndGlobalSection
	GlobalSection(ProjectConfigurationPlatforms) = postSolution
		{827B0C78-E7DC-4058-A002-5224FF099B2B}.Debug|Any CPU.ActiveCfg = Debug|Any CPU
		{827B0C78-E7DC-4058-A002-5224FF099B2B}.Debug|Any CPU.Build.0 = Debug|Any CPU
		{827B0C78-E7DC-4058-A002-5224FF099B2B}.Release|Any CPU.ActiveCfg = Release|Any CPU
		{827B0C78-E7DC-4058-A002-5224FF099B2B}.Release|Any CPU.Build.0 = Release|Any CPU
	EndGlobalSection
	GlobalSection(SolutionProperties) = preSolution
		HideSolutionNode = FALSE
	EndGlobalSection
	GlobalSection(ExtensibilityGlobals) = postSolution
		SolutionGuid = {686E6831-B620-4239-81D4-E5862502AF43}
	EndGlobalSection
EndGlobal
