
Microsoft Visual Studio Solution File, Format Version 12.00
# Visual Studio Version 17
VisualStudioVersion = 17.10.35013.160
MinimumVisualStudioVersion = 10.0.40219.1
Project("{FAE04EC0-301F-11D3-BF4B-00C04F79EFBC}") = "Введение в классы. Обработка исключений", "Введение в классы. Обработка исключений\Введение в классы. Обработка исключений.csproj", "{B17F8E2E-0628-4902-9A0A-2C129502FBDD}"
EndProject
Project("{FAE04EC0-301F-11D3-BF4B-00C04F79EFBC}") = "3", "3\3.csproj", "{83E897DF-46CD-444C-88B7-0BDA56ACDC3F}"
EndProject
Project("{FAE04EC0-301F-11D3-BF4B-00C04F79EFBC}") = "2", "2\2.csproj", "{8D73994A-9297-4EB1-BB7C-E6004FC15E86}"
EndProject
Global
	GlobalSection(SolutionConfigurationPlatforms) = preSolution
		Debug|Any CPU = Debug|Any CPU
		Release|Any CPU = Release|Any CPU
	EndGlobalSection
	GlobalSection(ProjectConfigurationPlatforms) = postSolution
		{B17F8E2E-0628-4902-9A0A-2C129502FBDD}.Debug|Any CPU.ActiveCfg = Debug|Any CPU
		{B17F8E2E-0628-4902-9A0A-2C129502FBDD}.Debug|Any CPU.Build.0 = Debug|Any CPU
		{B17F8E2E-0628-4902-9A0A-2C129502FBDD}.Release|Any CPU.ActiveCfg = Release|Any CPU
		{B17F8E2E-0628-4902-9A0A-2C129502FBDD}.Release|Any CPU.Build.0 = Release|Any CPU
		{83E897DF-46CD-444C-88B7-0BDA56ACDC3F}.Debug|Any CPU.ActiveCfg = Debug|Any CPU
		{83E897DF-46CD-444C-88B7-0BDA56ACDC3F}.Debug|Any CPU.Build.0 = Debug|Any CPU
		{83E897DF-46CD-444C-88B7-0BDA56ACDC3F}.Release|Any CPU.ActiveCfg = Release|Any CPU
		{83E897DF-46CD-444C-88B7-0BDA56ACDC3F}.Release|Any CPU.Build.0 = Release|Any CPU
		{8D73994A-9297-4EB1-BB7C-E6004FC15E86}.Debug|Any CPU.ActiveCfg = Debug|Any CPU
		{8D73994A-9297-4EB1-BB7C-E6004FC15E86}.Debug|Any CPU.Build.0 = Debug|Any CPU
		{8D73994A-9297-4EB1-BB7C-E6004FC15E86}.Release|Any CPU.ActiveCfg = Release|Any CPU
		{8D73994A-9297-4EB1-BB7C-E6004FC15E86}.Release|Any CPU.Build.0 = Release|Any CPU
	EndGlobalSection
	GlobalSection(SolutionProperties) = preSolution
		HideSolutionNode = FALSE
	EndGlobalSection
	GlobalSection(ExtensibilityGlobals) = postSolution
		SolutionGuid = {383CFDAF-F6D1-4B81-9390-99A65D7A95E4}
	EndGlobalSection
EndGlobal
