
Microsoft Visual Studio Solution File, Format Version 12.00
# Visual Studio Version 17
VisualStudioVersion = 17.13.35931.197 d17.13
MinimumVisualStudioVersion = 10.0.40219.1
Project("{8BC9CEB8-8B4A-11D0-8D11-00A0C91BC942}") = "RailwayInfoSystem 07.06.2024", "RailwayInfoSystem 07.06.2024\RailwayInfoSystem 07.06.2024.vcxproj", "{15C200DE-C1FE-4F59-AA12-F883975A7BC9}"
EndProject
Global
	GlobalSection(SolutionConfigurationPlatforms) = preSolution
		Debug|x64 = Debug|x64
		Debug|x86 = Debug|x86
		Release|x64 = Release|x64
		Release|x86 = Release|x86
	EndGlobalSection
	GlobalSection(ProjectConfigurationPlatforms) = postSolution
		{15C200DE-C1FE-4F59-AA12-F883975A7BC9}.Debug|x64.ActiveCfg = Debug|x64
		{15C200DE-C1FE-4F59-AA12-F883975A7BC9}.Debug|x64.Build.0 = Debug|x64
		{15C200DE-C1FE-4F59-AA12-F883975A7BC9}.Debug|x86.ActiveCfg = Debug|Win32
		{15C200DE-C1FE-4F59-AA12-F883975A7BC9}.Debug|x86.Build.0 = Debug|Win32
		{15C200DE-C1FE-4F59-AA12-F883975A7BC9}.Release|x64.ActiveCfg = Release|x64
		{15C200DE-C1FE-4F59-AA12-F883975A7BC9}.Release|x64.Build.0 = Release|x64
		{15C200DE-C1FE-4F59-AA12-F883975A7BC9}.Release|x86.ActiveCfg = Release|Win32
		{15C200DE-C1FE-4F59-AA12-F883975A7BC9}.Release|x86.Build.0 = Release|Win32
	EndGlobalSection
	GlobalSection(SolutionProperties) = preSolution
		HideSolutionNode = FALSE
	EndGlobalSection
	GlobalSection(ExtensibilityGlobals) = postSolution
		SolutionGuid = {913EF271-FB75-44BC-930A-6E93F61525C9}
	EndGlobalSection
EndGlobal
