
Microsoft Visual Studio Solution File, Format Version 12.00
# Visual Studio Version 17
VisualStudioVersion = 17.13.35931.197 d17.13
MinimumVisualStudioVersion = 10.0.40219.1
Project("{FAE04EC0-301F-11D3-BF4B-00C04F79EFBC}") = "MusicProfileApp", "MusicProfileApp\MusicProfileApp.csproj", "{54BE4EAC-2554-49A2-943C-578A3F37C469}"
EndProject
Global
	GlobalSection(SolutionConfigurationPlatforms) = preSolution
		Debug|Any CPU = Debug|Any CPU
		Release|Any CPU = Release|Any CPU
	EndGlobalSection
	GlobalSection(ProjectConfigurationPlatforms) = postSolution
		{54BE4EAC-2554-49A2-943C-578A3F37C469}.Debug|Any CPU.ActiveCfg = Debug|Any CPU
		{54BE4EAC-2554-49A2-943C-578A3F37C469}.Debug|Any CPU.Build.0 = Debug|Any CPU
		{54BE4EAC-2554-49A2-943C-578A3F37C469}.Release|Any CPU.ActiveCfg = Release|Any CPU
		{54BE4EAC-2554-49A2-943C-578A3F37C469}.Release|Any CPU.Build.0 = Release|Any CPU
	EndGlobalSection
	GlobalSection(SolutionProperties) = preSolution
		HideSolutionNode = FALSE
	EndGlobalSection
	GlobalSection(ExtensibilityGlobals) = postSolution
		SolutionGuid = {89EE4A44-59CB-4027-8E2C-EFBFCFE06A74}
	EndGlobalSection
EndGlobal
