
Microsoft Visual Studio Solution File, Format Version 12.00
# Visual Studio Version 17
VisualStudioVersion = 17.10.35013.160
MinimumVisualStudioVersion = 10.0.40219.1
Project("{FAE04EC0-301F-11D3-BF4B-00C04F79EFBC}") = "17.10_hw", "17.10_hw\17.10_hw.csproj", "{19B6056F-3771-43A5-B1A6-B8B72F46AD54}"
EndProject
Global
	GlobalSection(SolutionConfigurationPlatforms) = preSolution
		Debug|Any CPU = Debug|Any CPU
		Release|Any CPU = Release|Any CPU
	EndGlobalSection
	GlobalSection(ProjectConfigurationPlatforms) = postSolution
		{19B6056F-3771-43A5-B1A6-B8B72F46AD54}.Debug|Any CPU.ActiveCfg = Debug|Any CPU
		{19B6056F-3771-43A5-B1A6-B8B72F46AD54}.Debug|Any CPU.Build.0 = Debug|Any CPU
		{19B6056F-3771-43A5-B1A6-B8B72F46AD54}.Release|Any CPU.ActiveCfg = Release|Any CPU
		{19B6056F-3771-43A5-B1A6-B8B72F46AD54}.Release|Any CPU.Build.0 = Release|Any CPU
	EndGlobalSection
	GlobalSection(SolutionProperties) = preSolution
		HideSolutionNode = FALSE
	EndGlobalSection
	GlobalSection(ExtensibilityGlobals) = postSolution
		SolutionGuid = {3F29F065-9267-49E4-B402-A582D975DB78}
	EndGlobalSection
EndGlobal
