
Microsoft Visual Studio Solution File, Format Version 12.00
# Visual Studio Version 17
VisualStudioVersion = 17.10.35013.160
MinimumVisualStudioVersion = 10.0.40219.1
Project("{FAE04EC0-301F-11D3-BF4B-00C04F79EFBC}") = "04.12.2024", "04.12.2024\04.12.2024.csproj", "{4FC674B9-63B6-4818-98A0-F975BFF94ED5}"
EndProject
Global
	GlobalSection(SolutionConfigurationPlatforms) = preSolution
		Debug|Any CPU = Debug|Any CPU
		Release|Any CPU = Release|Any CPU
	EndGlobalSection
	GlobalSection(ProjectConfigurationPlatforms) = postSolution
		{4FC674B9-63B6-4818-98A0-F975BFF94ED5}.Debug|Any CPU.ActiveCfg = Debug|Any CPU
		{4FC674B9-63B6-4818-98A0-F975BFF94ED5}.Debug|Any CPU.Build.0 = Debug|Any CPU
		{4FC674B9-63B6-4818-98A0-F975BFF94ED5}.Release|Any CPU.ActiveCfg = Release|Any CPU
		{4FC674B9-63B6-4818-98A0-F975BFF94ED5}.Release|Any CPU.Build.0 = Release|Any CPU
	EndGlobalSection
	GlobalSection(SolutionProperties) = preSolution
		HideSolutionNode = FALSE
	EndGlobalSection
	GlobalSection(ExtensibilityGlobals) = postSolution
		SolutionGuid = {AF3D7E45-5D14-403A-B384-6EF255266BCB}
	EndGlobalSection
EndGlobal
