
Microsoft Visual Studio Solution File, Format Version 12.00
# Visual Studio Version 17
VisualStudioVersion = 17.13.35818.85 d17.13
MinimumVisualStudioVersion = 10.0.40219.1
Project("{FAE04EC0-301F-11D3-BF4B-00C04F79EFBC}") = "HospitalServer", "HospitalServer\HospitalServer.csproj", "{1AE32D35-43F4-489D-91DC-773B2F6DC340}"
EndProject
Global
	GlobalSection(SolutionConfigurationPlatforms) = preSolution
		Debug|Any CPU = Debug|Any CPU
		Release|Any CPU = Release|Any CPU
	EndGlobalSection
	GlobalSection(ProjectConfigurationPlatforms) = postSolution
		{1AE32D35-43F4-489D-91DC-773B2F6DC340}.Debug|Any CPU.ActiveCfg = Debug|Any CPU
		{1AE32D35-43F4-489D-91DC-773B2F6DC340}.Debug|Any CPU.Build.0 = Debug|Any CPU
		{1AE32D35-43F4-489D-91DC-773B2F6DC340}.Release|Any CPU.ActiveCfg = Release|Any CPU
		{1AE32D35-43F4-489D-91DC-773B2F6DC340}.Release|Any CPU.Build.0 = Release|Any CPU
	EndGlobalSection
	GlobalSection(SolutionProperties) = preSolution
		HideSolutionNode = FALSE
	EndGlobalSection
	GlobalSection(ExtensibilityGlobals) = postSolution
		SolutionGuid = {DBE916EA-505A-4AB4-82AF-8013850B66BB}
	EndGlobalSection
EndGlobal
