
Microsoft Visual Studio Solution File, Format Version 12.00
# Visual Studio Version 17
VisualStudioVersion = 17.10.35013.160
MinimumVisualStudioVersion = 10.0.40219.1
Project("{FAE04EC0-301F-11D3-BF4B-00C04F79EFBC}") = "13.09_cw", "13.09_cw\13.09_cw.csproj", "{68A323EA-704E-4D45-B9D6-555C5D4754F0}"
EndProject
Global
	GlobalSection(SolutionConfigurationPlatforms) = preSolution
		Debug|Any CPU = Debug|Any CPU
		Release|Any CPU = Release|Any CPU
	EndGlobalSection
	GlobalSection(ProjectConfigurationPlatforms) = postSolution
		{68A323EA-704E-4D45-B9D6-555C5D4754F0}.Debug|Any CPU.ActiveCfg = Debug|Any CPU
		{68A323EA-704E-4D45-B9D6-555C5D4754F0}.Debug|Any CPU.Build.0 = Debug|Any CPU
		{68A323EA-704E-4D45-B9D6-555C5D4754F0}.Release|Any CPU.ActiveCfg = Release|Any CPU
		{68A323EA-704E-4D45-B9D6-555C5D4754F0}.Release|Any CPU.Build.0 = Release|Any CPU
	EndGlobalSection
	GlobalSection(SolutionProperties) = preSolution
		HideSolutionNode = FALSE
	EndGlobalSection
	GlobalSection(ExtensibilityGlobals) = postSolution
		SolutionGuid = {0707F77A-0DBF-46A3-AF08-CAFA38E0C691}
	EndGlobalSection
EndGlobal
