
Microsoft Visual Studio Solution File, Format Version 12.00
# Visual Studio Version 17
VisualStudioVersion = 17.10.35013.160
MinimumVisualStudioVersion = 10.0.40219.1
Project("{FAE04EC0-301F-11D3-BF4B-00C04F79EFBC}") = "13.12-27.12.2024_HW", "13.12-27.12.2024_HW\13.12-27.12.2024_HW.csproj", "{63707667-5A07-4C72-B5DB-99CCE0B794E8}"
EndProject
Global
	GlobalSection(SolutionConfigurationPlatforms) = preSolution
		Debug|Any CPU = Debug|Any CPU
		Release|Any CPU = Release|Any CPU
	EndGlobalSection
	GlobalSection(ProjectConfigurationPlatforms) = postSolution
		{63707667-5A07-4C72-B5DB-99CCE0B794E8}.Debug|Any CPU.ActiveCfg = Debug|Any CPU
		{63707667-5A07-4C72-B5DB-99CCE0B794E8}.Debug|Any CPU.Build.0 = Debug|Any CPU
		{63707667-5A07-4C72-B5DB-99CCE0B794E8}.Release|Any CPU.ActiveCfg = Release|Any CPU
		{63707667-5A07-4C72-B5DB-99CCE0B794E8}.Release|Any CPU.Build.0 = Release|Any CPU
	EndGlobalSection
	GlobalSection(SolutionProperties) = preSolution
		HideSolutionNode = FALSE
	EndGlobalSection
	GlobalSection(ExtensibilityGlobals) = postSolution
		SolutionGuid = {A172D334-B311-4A9F-8EB2-D2202242D39E}
	EndGlobalSection
EndGlobal
