
Microsoft Visual Studio Solution File, Format Version 12.00
# Visual Studio Version 17
VisualStudioVersion = 17.10.35013.160
MinimumVisualStudioVersion = 10.0.40219.1
Project("{FAE04EC0-301F-11D3-BF4B-00C04F79EFBC}") = "05.10_hw", "05.10_hw\05.10_hw.csproj", "{407B31C6-0ACA-44B8-9807-DC415F541415}"
EndProject
Global
	GlobalSection(SolutionConfigurationPlatforms) = preSolution
		Debug|Any CPU = Debug|Any CPU
		Release|Any CPU = Release|Any CPU
	EndGlobalSection
	GlobalSection(ProjectConfigurationPlatforms) = postSolution
		{407B31C6-0ACA-44B8-9807-DC415F541415}.Debug|Any CPU.ActiveCfg = Debug|Any CPU
		{407B31C6-0ACA-44B8-9807-DC415F541415}.Debug|Any CPU.Build.0 = Debug|Any CPU
		{407B31C6-0ACA-44B8-9807-DC415F541415}.Release|Any CPU.ActiveCfg = Release|Any CPU
		{407B31C6-0ACA-44B8-9807-DC415F541415}.Release|Any CPU.Build.0 = Release|Any CPU
	EndGlobalSection
	GlobalSection(SolutionProperties) = preSolution
		HideSolutionNode = FALSE
	EndGlobalSection
	GlobalSection(ExtensibilityGlobals) = postSolution
		SolutionGuid = {CA8D3B4D-6D2A-471F-B5FA-5D216C1522CC}
	EndGlobalSection
EndGlobal
