
Microsoft Visual Studio Solution File, Format Version 12.00
# Visual Studio Version 17
VisualStudioVersion = 17.10.35013.160
MinimumVisualStudioVersion = 10.0.40219.1
Project("{FAE04EC0-301F-11D3-BF4B-00C04F79EFBC}") = "19.10_hw", "19.10_hw\19.10_hw.csproj", "{13034A0F-4994-48D4-BCBC-A9D12682D596}"
EndProject
Global
	GlobalSection(SolutionConfigurationPlatforms) = preSolution
		Debug|Any CPU = Debug|Any CPU
		Release|Any CPU = Release|Any CPU
	EndGlobalSection
	GlobalSection(ProjectConfigurationPlatforms) = postSolution
		{13034A0F-4994-48D4-BCBC-A9D12682D596}.Debug|Any CPU.ActiveCfg = Debug|Any CPU
		{13034A0F-4994-48D4-BCBC-A9D12682D596}.Debug|Any CPU.Build.0 = Debug|Any CPU
		{13034A0F-4994-48D4-BCBC-A9D12682D596}.Release|Any CPU.ActiveCfg = Release|Any CPU
		{13034A0F-4994-48D4-BCBC-A9D12682D596}.Release|Any CPU.Build.0 = Release|Any CPU
	EndGlobalSection
	GlobalSection(SolutionProperties) = preSolution
		HideSolutionNode = FALSE
	EndGlobalSection
	GlobalSection(ExtensibilityGlobals) = postSolution
		SolutionGuid = {203AD5B8-F438-4E38-A235-E196985DFC47}
	EndGlobalSection
EndGlobal
