
Microsoft Visual Studio Solution File, Format Version 12.00
# Visual Studio Version 17
VisualStudioVersion = 17.10.35013.160
MinimumVisualStudioVersion = 10.0.40219.1
Project("{FAE04EC0-301F-11D3-BF4B-00C04F79EFBC}") = "Game(x_0)_07.02.2025_CW", "Game(x_0)_07.02.2025_CW\Game(x_0)_07.02.2025_CW.csproj", "{A7A2F4BC-B892-4238-8E38-71092B90F128}"
EndProject
Global
	GlobalSection(SolutionConfigurationPlatforms) = preSolution
		Debug|Any CPU = Debug|Any CPU
		Release|Any CPU = Release|Any CPU
	EndGlobalSection
	GlobalSection(ProjectConfigurationPlatforms) = postSolution
		{A7A2F4BC-B892-4238-8E38-71092B90F128}.Debug|Any CPU.ActiveCfg = Debug|Any CPU
		{A7A2F4BC-B892-4238-8E38-71092B90F128}.Debug|Any CPU.Build.0 = Debug|Any CPU
		{A7A2F4BC-B892-4238-8E38-71092B90F128}.Release|Any CPU.ActiveCfg = Release|Any CPU
		{A7A2F4BC-B892-4238-8E38-71092B90F128}.Release|Any CPU.Build.0 = Release|Any CPU
	EndGlobalSection
	GlobalSection(SolutionProperties) = preSolution
		HideSolutionNode = FALSE
	EndGlobalSection
	GlobalSection(ExtensibilityGlobals) = postSolution
		SolutionGuid = {47F2A08D-5E8B-49D7-BC65-C913C9900247}
	EndGlobalSection
EndGlobal
