
Microsoft Visual Studio Solution File, Format Version 12.00
# Visual Studio Version 17
VisualStudioVersion = 17.10.35013.160
MinimumVisualStudioVersion = 10.0.40219.1
Project("{FAE04EC0-301F-11D3-BF4B-00C04F79EFBC}") = "04.01.2025_HW", "04.01.2025_HW\04.01.2025_HW.csproj", "{728DDCB3-5263-4F6F-8BEA-6EB07F26E935}"
EndProject
Global
	GlobalSection(SolutionConfigurationPlatforms) = preSolution
		Debug|Any CPU = Debug|Any CPU
		Release|Any CPU = Release|Any CPU
	EndGlobalSection
	GlobalSection(ProjectConfigurationPlatforms) = postSolution
		{728DDCB3-5263-4F6F-8BEA-6EB07F26E935}.Debug|Any CPU.ActiveCfg = Debug|Any CPU
		{728DDCB3-5263-4F6F-8BEA-6EB07F26E935}.Debug|Any CPU.Build.0 = Debug|Any CPU
		{728DDCB3-5263-4F6F-8BEA-6EB07F26E935}.Release|Any CPU.ActiveCfg = Release|Any CPU
		{728DDCB3-5263-4F6F-8BEA-6EB07F26E935}.Release|Any CPU.Build.0 = Release|Any CPU
	EndGlobalSection
	GlobalSection(SolutionProperties) = preSolution
		HideSolutionNode = FALSE
	EndGlobalSection
	GlobalSection(ExtensibilityGlobals) = postSolution
		SolutionGuid = {C7A027FF-F4D3-41B3-9823-BD393A067B35}
	EndGlobalSection
EndGlobal
