
Microsoft Visual Studio Solution File, Format Version 12.00
# Visual Studio Version 17
VisualStudioVersion = 17.10.35013.160
MinimumVisualStudioVersion = 10.0.40219.1
Project("{FAE04EC0-301F-11D3-BF4B-00C04F79EFBC}") = "generatedNumbers", "generatedNumbers\generatedNumbers.csproj", "{974BC9E4-8F70-4F41-8C7B-138ED754BE8C}"
EndProject
Global
	GlobalSection(SolutionConfigurationPlatforms) = preSolution
		Debug|Any CPU = Debug|Any CPU
		Release|Any CPU = Release|Any CPU
	EndGlobalSection
	GlobalSection(ProjectConfigurationPlatforms) = postSolution
		{974BC9E4-8F70-4F41-8C7B-138ED754BE8C}.Debug|Any CPU.ActiveCfg = Debug|Any CPU
		{974BC9E4-8F70-4F41-8C7B-138ED754BE8C}.Debug|Any CPU.Build.0 = Debug|Any CPU
		{974BC9E4-8F70-4F41-8C7B-138ED754BE8C}.Release|Any CPU.ActiveCfg = Release|Any CPU
		{974BC9E4-8F70-4F41-8C7B-138ED754BE8C}.Release|Any CPU.Build.0 = Release|Any CPU
	EndGlobalSection
	GlobalSection(SolutionProperties) = preSolution
		HideSolutionNode = FALSE
	EndGlobalSection
	GlobalSection(ExtensibilityGlobals) = postSolution
		SolutionGuid = {9C4BDC60-6650-4DCB-ADB2-588B1B2398C7}
	EndGlobalSection
EndGlobal
